
Microsoft Visual Studio Solution File, Format Version 12.00
# Visual Studio Version 17
VisualStudioVersion = 17.11.35327.3
MinimumVisualStudioVersion = 10.0.40219.1
Project("{8BC9CEB8-8B4A-11D0-8D11-00A0C91BC942}") = "Project2", "Project2\Project2.vcxproj", "{A7A65464-EBA9-4B8E-81AE-7F10B6C3A485}"
EndProject
Global
	GlobalSection(SolutionConfigurationPlatforms) = preSolution
		Debug|x64 = Debug|x64
		Debug|x86 = Debug|x86
		Release|x64 = Release|x64
		Release|x86 = Release|x86
	EndGlobalSection
	GlobalSection(ProjectConfigurationPlatforms) = postSolution
		{A7A65464-EBA9-4B8E-81AE-7F10B6C3A485}.Debug|x64.ActiveCfg = Debug|x64
		{A7A65464-EBA9-4B8E-81AE-7F10B6C3A485}.Debug|x64.Build.0 = Debug|x64
		{A7A65464-EBA9-4B8E-81AE-7F10B6C3A485}.Debug|x86.ActiveCfg = Debug|Win32
		{A7A65464-EBA9-4B8E-81AE-7F10B6C3A485}.Debug|x86.Build.0 = Debug|Win32
		{A7A65464-EBA9-4B8E-81AE-7F10B6C3A485}.Release|x64.ActiveCfg = Release|x64
		{A7A65464-EBA9-4B8E-81AE-7F10B6C3A485}.Release|x64.Build.0 = Release|x64
		{A7A65464-EBA9-4B8E-81AE-7F10B6C3A485}.Release|x86.ActiveCfg = Release|Win32
		{A7A65464-EBA9-4B8E-81AE-7F10B6C3A485}.Release|x86.Build.0 = Release|Win32
	EndGlobalSection
	GlobalSection(SolutionProperties) = preSolution
		HideSolutionNode = FALSE
	EndGlobalSection
	GlobalSection(ExtensibilityGlobals) = postSolution
		SolutionGuid = {7CC56475-4EFD-45F1-9B80-2E380A44121E}
	EndGlobalSection
EndGlobal
